// !$*UTF8*$!
{
	archiveVersion = 1;
	classes = {
	};
	objectVersion = 56;
	objects = {

/* Begin PBXBuildFile section */
		9307A80B29928942009D7F52 /* HoneymoonModel.swift in Sources */ = {isa = PBXBuildFile; fileRef = 9307A80A29928942009D7F52 /* HoneymoonModel.swift */; };
		9307A80D29928984009D7F52 /* HoneymoonData.swift in Sources */ = {isa = PBXBuildFile; fileRef = 9307A80C29928984009D7F52 /* HoneymoonData.swift */; };
		9307A81129928E57009D7F52 /* CardView.swift in Sources */ = {isa = PBXBuildFile; fileRef = 9307A81029928E57009D7F52 /* CardView.swift */; };
		9307A81329928F5B009D7F52 /* AppDelegate.swift in Sources */ = {isa = PBXBuildFile; fileRef = 9307A81229928F5B009D7F52 /* AppDelegate.swift */; };
		9307A817299295C4009D7F52 /* HeaderView.swift in Sources */ = {isa = PBXBuildFile; fileRef = 9307A816299295C4009D7F52 /* HeaderView.swift */; };
		93897F42296DD0C400D21E30 /* ContentView.swift in Sources */ = {isa = PBXBuildFile; fileRef = 93897F41296DD0C400D21E30 /* ContentView.swift */; };
		93897F44296DD0C500D21E30 /* Assets.xcassets in Resources */ = {isa = PBXBuildFile; fileRef = 93897F43296DD0C500D21E30 /* Assets.xcassets */; };
		93897F47296DD0C500D21E30 /* Preview Assets.xcassets in Resources */ = {isa = PBXBuildFile; fileRef = 93897F46296DD0C500D21E30 /* Preview Assets.xcassets */; };
		93897F54296DD84B00D21E30 /* Sounds in Resources */ = {isa = PBXBuildFile; fileRef = 93897F53296DD84B00D21E30 /* Sounds */; };
		938AD75D2992A14A00CFCBBE /* SceneDelegate.swift in Sources */ = {isa = PBXBuildFile; fileRef = 938AD75C2992A14A00CFCBBE /* SceneDelegate.swift */; };
		938AD75F2992A15100CFCBBE /* LaunchScreen.storyboard in Resources */ = {isa = PBXBuildFile; fileRef = 938AD75E2992A15100CFCBBE /* LaunchScreen.storyboard */; };
		938AD7632992A34700CFCBBE /* FooterView.swift in Sources */ = {isa = PBXBuildFile; fileRef = 938AD7622992A34700CFCBBE /* FooterView.swift */; };
		938AD7662993E3F000CFCBBE /* HeaderComponent.swift in Sources */ = {isa = PBXBuildFile; fileRef = 938AD7652993E3F000CFCBBE /* HeaderComponent.swift */; };
		938AD7682993E4C400CFCBBE /* GuideComponent.swift in Sources */ = {isa = PBXBuildFile; fileRef = 938AD7672993E4C400CFCBBE /* GuideComponent.swift */; };
		938AD76A2993FD3D00CFCBBE /* GuideView.swift in Sources */ = {isa = PBXBuildFile; fileRef = 938AD7692993FD3D00CFCBBE /* GuideView.swift */; };
/* End PBXBuildFile section */

/* Begin PBXFileReference section */
		9307A80A29928942009D7F52 /* HoneymoonModel.swift */ = {isa = PBXFileReference; lastKnownFileType = sourcecode.swift; path = HoneymoonModel.swift; sourceTree = "<group>"; };
		9307A80C29928984009D7F52 /* HoneymoonData.swift */ = {isa = PBXFileReference; lastKnownFileType = sourcecode.swift; path = HoneymoonData.swift; sourceTree = "<group>"; };
		9307A81029928E57009D7F52 /* CardView.swift */ = {isa = PBXFileReference; lastKnownFileType = sourcecode.swift; path = CardView.swift; sourceTree = "<group>"; };
		9307A81229928F5B009D7F52 /* AppDelegate.swift */ = {isa = PBXFileReference; lastKnownFileType = sourcecode.swift; path = AppDelegate.swift; sourceTree = "<group>"; };
		9307A816299295C4009D7F52 /* HeaderView.swift */ = {isa = PBXFileReference; lastKnownFileType = sourcecode.swift; path = HeaderView.swift; sourceTree = "<group>"; };
		93897F3C296DD0C400D21E30 /* Honeymoon.app */ = {isa = PBXFileReference; explicitFileType = wrapper.application; includeInIndex = 0; path = Honeymoon.app; sourceTree = BUILT_PRODUCTS_DIR; };
		93897F41296DD0C400D21E30 /* ContentView.swift */ = {isa = PBXFileReference; lastKnownFileType = sourcecode.swift; path = ContentView.swift; sourceTree = "<group>"; };
		93897F43296DD0C500D21E30 /* Assets.xcassets */ = {isa = PBXFileReference; lastKnownFileType = folder.assetcatalog; path = Assets.xcassets; sourceTree = "<group>"; };
		93897F46296DD0C500D21E30 /* Preview Assets.xcassets */ = {isa = PBXFileReference; lastKnownFileType = folder.assetcatalog; path = "Preview Assets.xcassets"; sourceTree = "<group>"; };
		93897F53296DD84B00D21E30 /* Sounds */ = {isa = PBXFileReference; lastKnownFileType = folder; path = Sounds; sourceTree = "<group>"; };
		938AD75C2992A14A00CFCBBE /* SceneDelegate.swift */ = {isa = PBXFileReference; fileEncoding = 4; lastKnownFileType = sourcecode.swift; path = SceneDelegate.swift; sourceTree = "<group>"; };
		938AD75E2992A15100CFCBBE /* LaunchScreen.storyboard */ = {isa = PBXFileReference; fileEncoding = 4; lastKnownFileType = file.storyboard; path = LaunchScreen.storyboard; sourceTree = "<group>"; };
		938AD7622992A34700CFCBBE /* FooterView.swift */ = {isa = PBXFileReference; lastKnownFileType = sourcecode.swift; path = FooterView.swift; sourceTree = "<group>"; };
		938AD7652993E3F000CFCBBE /* HeaderComponent.swift */ = {isa = PBXFileReference; lastKnownFileType = sourcecode.swift; path = HeaderComponent.swift; sourceTree = "<group>"; };
		938AD7672993E4C400CFCBBE /* GuideComponent.swift */ = {isa = PBXFileReference; lastKnownFileType = sourcecode.swift; path = GuideComponent.swift; sourceTree = "<group>"; };
		938AD7692993FD3D00CFCBBE /* GuideView.swift */ = {isa = PBXFileReference; lastKnownFileType = sourcecode.swift; path = GuideView.swift; sourceTree = "<group>"; };
/* End PBXFileReference section */

/* Begin PBXFrameworksBuildPhase section */
		93897F39296DD0C400D21E30 /* Frameworks */ = {
			isa = PBXFrameworksBuildPhase;
			buildActionMask = 2147483647;
			files = (
			);
			runOnlyForDeploymentPostprocessing = 0;
		};
/* End PBXFrameworksBuildPhase section */

/* Begin PBXGroup section */
		9307A8092992891A009D7F52 /* Model */ = {
			isa = PBXGroup;
			children = (
				9307A80A29928942009D7F52 /* HoneymoonModel.swift */,
			);
			path = Model;
			sourceTree = "<group>";
		};
		9307A80E29928DEC009D7F52 /* View */ = {
			isa = PBXGroup;
			children = (
				93897F41296DD0C400D21E30 /* ContentView.swift */,
				9307A81029928E57009D7F52 /* CardView.swift */,
				9307A816299295C4009D7F52 /* HeaderView.swift */,
				938AD7622992A34700CFCBBE /* FooterView.swift */,
				938AD7692993FD3D00CFCBBE /* GuideView.swift */,
			);
			path = View;
			sourceTree = "<group>";
		};
		9307A80F29928DF7009D7F52 /* Data */ = {
			isa = PBXGroup;
			children = (
				9307A80C29928984009D7F52 /* HoneymoonData.swift */,
			);
			path = Data;
			sourceTree = "<group>";
		};
		93897F33296DD0C400D21E30 = {
			isa = PBXGroup;
			children = (
				93897F3E296DD0C400D21E30 /* Honeymoon */,
				93897F43296DD0C500D21E30 /* Assets.xcassets */,
				93897F53296DD84B00D21E30 /* Sounds */,
				93897F3D296DD0C400D21E30 /* Products */,
			);
			sourceTree = "<group>";
		};
		93897F3D296DD0C400D21E30 /* Products */ = {
			isa = PBXGroup;
			children = (
				93897F3C296DD0C400D21E30 /* Honeymoon.app */,
			);
			name = Products;
			sourceTree = "<group>";
		};
		93897F3E296DD0C400D21E30 /* Honeymoon */ = {
			isa = PBXGroup;
			children = (
				938AD7642993E39100CFCBBE /* Component */,
				9307A8092992891A009D7F52 /* Model */,
				9307A80E29928DEC009D7F52 /* View */,
				9307A80F29928DF7009D7F52 /* Data */,
				93897F45296DD0C500D21E30 /* Preview Content */,
				9307A81229928F5B009D7F52 /* AppDelegate.swift */,
				938AD75C2992A14A00CFCBBE /* SceneDelegate.swift */,
				938AD75E2992A15100CFCBBE /* LaunchScreen.storyboard */,
			);
			path = Honeymoon;
			sourceTree = "<group>";
		};
		93897F45296DD0C500D21E30 /* Preview Content */ = {
			isa = PBXGroup;
			children = (
				93897F46296DD0C500D21E30 /* Preview Assets.xcassets */,
			);
			path = "Preview Content";
			sourceTree = "<group>";
		};
		938AD7642993E39100CFCBBE /* Component */ = {
			isa = PBXGroup;
			children = (
				938AD7652993E3F000CFCBBE /* HeaderComponent.swift */,
				938AD7672993E4C400CFCBBE /* GuideComponent.swift */,
			);
			path = Component;
			sourceTree = "<group>";
		};
/* End PBXGroup section */

/* Begin PBXNativeTarget section */
		93897F3B296DD0C400D21E30 /* Honeymoon */ = {
			isa = PBXNativeTarget;
			buildConfigurationList = 93897F4A296DD0C500D21E30 /* Build configuration list for PBXNativeTarget "Honeymoon" */;
			buildPhases = (
				93897F38296DD0C400D21E30 /* Sources */,
				93897F39296DD0C400D21E30 /* Frameworks */,
				93897F3A296DD0C400D21E30 /* Resources */,
			);
			buildRules = (
			);
			dependencies = (
			);
			name = Honeymoon;
			productName = Honeymoon;
			productReference = 93897F3C296DD0C400D21E30 /* Honeymoon.app */;
			productType = "com.apple.product-type.application";
		};
/* End PBXNativeTarget section */

/* Begin PBXProject section */
		93897F34296DD0C400D21E30 /* Project object */ = {
			isa = PBXProject;
			attributes = {
				BuildIndependentTargetsInParallel = 1;
				LastSwiftUpdateCheck = 1420;
				LastUpgradeCheck = 1420;
				TargetAttributes = {
					93897F3B296DD0C400D21E30 = {
						CreatedOnToolsVersion = 14.2;
					};
				};
			};
			buildConfigurationList = 93897F37296DD0C400D21E30 /* Build configuration list for PBXProject "Honeymoon" */;
			compatibilityVersion = "Xcode 14.0";
			developmentRegion = en;
			hasScannedForEncodings = 0;
			knownRegions = (
				en,
				Base,
			);
			mainGroup = 93897F33296DD0C400D21E30;
			productRefGroup = 93897F3D296DD0C400D21E30 /* Products */;
			projectDirPath = "";
			projectRoot = "";
			targets = (
				93897F3B296DD0C400D21E30 /* Honeymoon */,
			);
		};
/* End PBXProject section */

/* Begin PBXResourcesBuildPhase section */
		93897F3A296DD0C400D21E30 /* Resources */ = {
			isa = PBXResourcesBuildPhase;
			buildActionMask = 2147483647;
			files = (
				93897F54296DD84B00D21E30 /* Sounds in Resources */,
				93897F47296DD0C500D21E30 /* Preview Assets.xcassets in Resources */,
				938AD75F2992A15100CFCBBE /* LaunchScreen.storyboard in Resources */,
				93897F44296DD0C500D21E30 /* Assets.xcassets in Resources */,
			);
			runOnlyForDeploymentPostprocessing = 0;
		};
/* End PBXResourcesBuildPhase section */

/* Begin PBXSourcesBuildPhase section */
		93897F38296DD0C400D21E30 /* Sources */ = {
			isa = PBXSourcesBuildPhase;
			buildActionMask = 2147483647;
			files = (
				9307A80D29928984009D7F52 /* HoneymoonData.swift in Sources */,
				938AD75D2992A14A00CFCBBE /* SceneDelegate.swift in Sources */,
				938AD7682993E4C400CFCBBE /* GuideComponent.swift in Sources */,
				9307A817299295C4009D7F52 /* HeaderView.swift in Sources */,
				9307A80B29928942009D7F52 /* HoneymoonModel.swift in Sources */,
				9307A81129928E57009D7F52 /* CardView.swift in Sources */,
				938AD7632992A34700CFCBBE /* FooterView.swift in Sources */,
				938AD7662993E3F000CFCBBE /* HeaderComponent.swift in Sources */,
				938AD76A2993FD3D00CFCBBE /* GuideView.swift in Sources */,
				9307A81329928F5B009D7F52 /* AppDelegate.swift in Sources */,
				93897F42296DD0C400D21E30 /* ContentView.swift in Sources */,
			);
			runOnlyForDeploymentPostprocessing = 0;
		};
/* End PBXSourcesBuildPhase section */

/* Begin XCBuildConfiguration section */
		93897F48296DD0C500D21E30 /* Debug */ = {
			isa = XCBuildConfiguration;
			buildSettings = {
				ALWAYS_SEARCH_USER_PATHS = NO;
				CLANG_ANALYZER_NONNULL = YES;
				CLANG_ANALYZER_NUMBER_OBJECT_CONVERSION = YES_AGGRESSIVE;
				CLANG_CXX_LANGUAGE_STANDARD = "gnu++20";
				CLANG_ENABLE_MODULES = YES;
				CLANG_ENABLE_OBJC_ARC = YES;
				CLANG_ENABLE_OBJC_WEAK = YES;
				CLANG_WARN_BLOCK_CAPTURE_AUTORELEASING = YES;
				CLANG_WARN_BOOL_CONVERSION = YES;
				CLANG_WARN_COMMA = YES;
				CLANG_WARN_CONSTANT_CONVERSION = YES;
				CLANG_WARN_DEPRECATED_OBJC_IMPLEMENTATIONS = YES;
				CLANG_WARN_DIRECT_OBJC_ISA_USAGE = YES_ERROR;
				CLANG_WARN_DOCUMENTATION_COMMENTS = YES;
				CLANG_WARN_EMPTY_BODY = YES;
				CLANG_WARN_ENUM_CONVERSION = YES;
				CLANG_WARN_INFINITE_RECURSION = YES;
				CLANG_WARN_INT_CONVERSION = YES;
				CLANG_WARN_NON_LITERAL_NULL_CONVERSION = YES;
				CLANG_WARN_OBJC_IMPLICIT_RETAIN_SELF = YES;
				CLANG_WARN_OBJC_LITERAL_CONVERSION = YES;
				CLANG_WARN_OBJC_ROOT_CLASS = YES_ERROR;
				CLANG_WARN_QUOTED_INCLUDE_IN_FRAMEWORK_HEADER = YES;
				CLANG_WARN_RANGE_LOOP_ANALYSIS = YES;
				CLANG_WARN_STRICT_PROTOTYPES = YES;
				CLANG_WARN_SUSPICIOUS_MOVE = YES;
				CLANG_WARN_UNGUARDED_AVAILABILITY = YES_AGGRESSIVE;
				CLANG_WARN_UNREACHABLE_CODE = YES;
				CLANG_WARN__DUPLICATE_METHOD_MATCH = YES;
				COPY_PHASE_STRIP = NO;
				DEBUG_INFORMATION_FORMAT = dwarf;
				ENABLE_STRICT_OBJC_MSGSEND = YES;
				ENABLE_TESTABILITY = YES;
				GCC_C_LANGUAGE_STANDARD = gnu11;
				GCC_DYNAMIC_NO_PIC = NO;
				GCC_NO_COMMON_BLOCKS = YES;
				GCC_OPTIMIZATION_LEVEL = 0;
				GCC_PREPROCESSOR_DEFINITIONS = (
					"DEBUG=1",
					"$(inherited)",
				);
				GCC_WARN_64_TO_32_BIT_CONVERSION = YES;
				GCC_WARN_ABOUT_RETURN_TYPE = YES_ERROR;
				GCC_WARN_UNDECLARED_SELECTOR = YES;
				GCC_WARN_UNINITIALIZED_AUTOS = YES_AGGRESSIVE;
				GCC_WARN_UNUSED_FUNCTION = YES;
				GCC_WARN_UNUSED_VARIABLE = YES;
				IPHONEOS_DEPLOYMENT_TARGET = 16.2;
				MTL_ENABLE_DEBUG_INFO = INCLUDE_SOURCE;
				MTL_FAST_MATH = YES;
				ONLY_ACTIVE_ARCH = YES;
				SDKROOT = iphoneos;
				SWIFT_ACTIVE_COMPILATION_CONDITIONS = DEBUG;
				SWIFT_OPTIMIZATION_LEVEL = "-Onone";
			};
			name = Debug;
		};
		93897F49296DD0C500D21E30 /* Release */ = {
			isa = XCBuildConfiguration;
			buildSettings = {
				ALWAYS_SEARCH_USER_PATHS = NO;
				CLANG_ANALYZER_NONNULL = YES;
				CLANG_ANALYZER_NUMBER_OBJECT_CONVERSION = YES_AGGRESSIVE;
				CLANG_CXX_LANGUAGE_STANDARD = "gnu++20";
				CLANG_ENABLE_MODULES = YES;
				CLANG_ENABLE_OBJC_ARC = YES;
				CLANG_ENABLE_OBJC_WEAK = YES;
				CLANG_WARN_BLOCK_CAPTURE_AUTORELEASING = YES;
				CLANG_WARN_BOOL_CONVERSION = YES;
				CLANG_WARN_COMMA = YES;
				CLANG_WARN_CONSTANT_CONVERSION = YES;
				CLANG_WARN_DEPRECATED_OBJC_IMPLEMENTATIONS = YES;
				CLANG_WARN_DIRECT_OBJC_ISA_USAGE = YES_ERROR;
				CLANG_WARN_DOCUMENTATION_COMMENTS = YES;
				CLANG_WARN_EMPTY_BODY = YES;
				CLANG_WARN_ENUM_CONVERSION = YES;
				CLANG_WARN_INFINITE_RECURSION = YES;
				CLANG_WARN_INT_CONVERSION = YES;
				CLANG_WARN_NON_LITERAL_NULL_CONVERSION = YES;
				CLANG_WARN_OBJC_IMPLICIT_RETAIN_SELF = YES;
				CLANG_WARN_OBJC_LITERAL_CONVERSION = YES;
				CLANG_WARN_OBJC_ROOT_CLASS = YES_ERROR;
				CLANG_WARN_QUOTED_INCLUDE_IN_FRAMEWORK_HEADER = YES;
				CLANG_WARN_RANGE_LOOP_ANALYSIS = YES;
				CLANG_WARN_STRICT_PROTOTYPES = YES;
				CLANG_WARN_SUSPICIOUS_MOVE = YES;
				CLANG_WARN_UNGUARDED_AVAILABILITY = YES_AGGRESSIVE;
				CLANG_WARN_UNREACHABLE_CODE = YES;
				CLANG_WARN__DUPLICATE_METHOD_MATCH = YES;
				COPY_PHASE_STRIP = NO;
				DEBUG_INFORMATION_FORMAT = "dwarf-with-dsym";
				ENABLE_NS_ASSERTIONS = NO;
				ENABLE_STRICT_OBJC_MSGSEND = YES;
				GCC_C_LANGUAGE_STANDARD = gnu11;
				GCC_NO_COMMON_BLOCKS = YES;
				GCC_WARN_64_TO_32_BIT_CONVERSION = YES;
				GCC_WARN_ABOUT_RETURN_TYPE = YES_ERROR;
				GCC_WARN_UNDECLARED_SELECTOR = YES;
				GCC_WARN_UNINITIALIZED_AUTOS = YES_AGGRESSIVE;
				GCC_WARN_UNUSED_FUNCTION = YES;
				GCC_WARN_UNUSED_VARIABLE = YES;
				IPHONEOS_DEPLOYMENT_TARGET = 16.2;
				MTL_ENABLE_DEBUG_INFO = NO;
				MTL_FAST_MATH = YES;
				SDKROOT = iphoneos;
				SWIFT_COMPILATION_MODE = wholemodule;
				SWIFT_OPTIMIZATION_LEVEL = "-O";
				VALIDATE_PRODUCT = YES;
			};
			name = Release;
		};
		93897F4B296DD0C500D21E30 /* Debug */ = {
			isa = XCBuildConfiguration;
			buildSettings = {
				ASSETCATALOG_COMPILER_APPICON_NAME = AppIcon;
				ASSETCATALOG_COMPILER_GLOBAL_ACCENT_COLOR_NAME = AccentColor;
				CODE_SIGN_STYLE = Automatic;
				CURRENT_PROJECT_VERSION = 1;
				DEVELOPMENT_ASSET_PATHS = "\"Honeymoon/Preview Content\"";
				DEVELOPMENT_TEAM = C2FT2K8MFK;
				ENABLE_PREVIEWS = YES;
				GENERATE_INFOPLIST_FILE = YES;
				INFOPLIST_FILE = Honeymoon/Info.plist;
				INFOPLIST_KEY_UIApplicationSceneManifest_Generation = YES;
				INFOPLIST_KEY_UIApplicationSupportsIndirectInputEvents = YES;
				INFOPLIST_KEY_UILaunchStoryboardName = LaunchScreen;
				INFOPLIST_KEY_UISupportedInterfaceOrientations = UIInterfaceOrientationPortrait;
				LD_RUNPATH_SEARCH_PATHS = (
					"$(inherited)",
					"@executable_path/Frameworks",
				);
				MARKETING_VERSION = 1.0;
				PRODUCT_BUNDLE_IDENTIFIER = EgeAydemir.Honeymoon;
				PRODUCT_NAME = "$(TARGET_NAME)";
				SWIFT_EMIT_LOC_STRINGS = YES;
				SWIFT_VERSION = 5.0;
				TARGETED_DEVICE_FAMILY = "1,2";
			};
			name = Debug;
		};
		93897F4C296DD0C500D21E30 /* Release */ = {
			isa = XCBuildConfiguration;
			buildSettings = {
				ASSETCATALOG_COMPILER_APPICON_NAME = AppIcon;
				ASSETCATALOG_COMPILER_GLOBAL_ACCENT_COLOR_NAME = AccentColor;
				CODE_SIGN_STYLE = Automatic;
				CURRENT_PROJECT_VERSION = 1;
				DEVELOPMENT_ASSET_PATHS = "\"Honeymoon/Preview Content\"";
				DEVELOPMENT_TEAM = C2FT2K8MFK;
				ENABLE_PREVIEWS = YES;
				GENERATE_INFOPLIST_FILE = YES;
				INFOPLIST_FILE = Honeymoon/Info.plist;
				INFOPLIST_KEY_UIApplicationSceneManifest_Generation = YES;
				INFOPLIST_KEY_UIApplicationSupportsIndirectInputEvents = YES;
				INFOPLIST_KEY_UILaunchStoryboardName = LaunchScreen;
				INFOPLIST_KEY_UISupportedInterfaceOrientations = UIInterfaceOrientationPortrait;
				LD_RUNPATH_SEARCH_PATHS = (
					"$(inherited)",
					"@executable_path/Frameworks",
				);
				MARKETING_VERSION = 1.0;
				PRODUCT_BUNDLE_IDENTIFIER = EgeAydemir.Honeymoon;
				PRODUCT_NAME = "$(TARGET_NAME)";
				SWIFT_EMIT_LOC_STRINGS = YES;
				SWIFT_VERSION = 5.0;
				TARGETED_DEVICE_FAMILY = "1,2";
			};
			name = Release;
		};
/* End XCBuildConfiguration section */

/* Begin XCConfigurationList section */
		93897F37296DD0C400D21E30 /* Build configuration list for PBXProject "Honeymoon" */ = {
			isa = XCConfigurationList;
			buildConfigurations = (
				93897F48296DD0C500D21E30 /* Debug */,
				93897F49296DD0C500D21E30 /* Release */,
			);
			defaultConfigurationIsVisible = 0;
			defaultConfigurationName = Release;
		};
		93897F4A296DD0C500D21E30 /* Build configuration list for PBXNativeTarget "Honeymoon" */ = {
			isa = XCConfigurationList;
			buildConfigurations = (
				93897F4B296DD0C500D21E30 /* Debug */,
				93897F4C296DD0C500D21E30 /* Release */,
			);
			defaultConfigurationIsVisible = 0;
			defaultConfigurationName = Release;
		};
/* End XCConfigurationList section */
	};
	rootObject = 93897F34296DD0C400D21E30 /* Project object */;
}
